
Microsoft Visual Studio Solution File, Format Version 12.00
# Visual Studio Version 16
VisualStudioVersion = 16.0.29411.108
MinimumVisualStudioVersion = 10.0.40219.1
Project("{9A19103F-16F7-4668-BE54-9A1E7A4F7556}") = "SqlParser", "SqlParser\SqlParser.csproj", "{A2159BF6-6FBC-4E43-9B09-61ABBA4E9A9B}"
EndProject
Project("{9A19103F-16F7-4668-BE54-9A1E7A4F7556}") = "SqlParser.SqlServer.Tests", "SqlParser.SqlServer.Tests\SqlParser.SqlServer.Tests.csproj", "{F4A5050F-3488-4845-89B6-70C5E41BAACB}"
EndProject
Project("{9A19103F-16F7-4668-BE54-9A1E7A4F7556}") = "ParserObjects", "..\..\ParserObjects\ParserObjects\ParserObjects.csproj", "{BF617085-38C8-44C7-BC0E-75BF7FD1F865}"
EndProject
Global
	GlobalSection(SolutionConfigurationPlatforms) = preSolution
		Debug|Any CPU = Debug|Any CPU
		Release|Any CPU = Release|Any CPU
	EndGlobalSection
	GlobalSection(ProjectConfigurationPlatforms) = postSolution
		{A2159BF6-6FBC-4E43-9B09-61ABBA4E9A9B}.Debug|Any CPU.ActiveCfg = Debug|Any CPU
		{A2159BF6-6FBC-4E43-9B09-61ABBA4E9A9B}.Debug|Any CPU.Build.0 = Debug|Any CPU
		{A2159BF6-6FBC-4E43-9B09-61ABBA4E9A9B}.Release|Any CPU.ActiveCfg = Release|Any CPU
		{A2159BF6-6FBC-4E43-9B09-61ABBA4E9A9B}.Release|Any CPU.Build.0 = Release|Any CPU
		{F4A5050F-3488-4845-89B6-70C5E41BAACB}.Debug|Any CPU.ActiveCfg = Debug|Any CPU
		{F4A5050F-3488-4845-89B6-70C5E41BAACB}.Debug|Any CPU.Build.0 = Debug|Any CPU
		{F4A5050F-3488-4845-89B6-70C5E41BAACB}.Release|Any CPU.ActiveCfg = Release|Any CPU
		{F4A5050F-3488-4845-89B6-70C5E41BAACB}.Release|Any CPU.Build.0 = Release|Any CPU
		{BF617085-38C8-44C7-BC0E-75BF7FD1F865}.Debug|Any CPU.ActiveCfg = Debug|Any CPU
		{BF617085-38C8-44C7-BC0E-75BF7FD1F865}.Debug|Any CPU.Build.0 = Debug|Any CPU
		{BF617085-38C8-44C7-BC0E-75BF7FD1F865}.Release|Any CPU.ActiveCfg = Release|Any CPU
		{BF617085-38C8-44C7-BC0E-75BF7FD1F865}.Release|Any CPU.Build.0 = Release|Any CPU
	EndGlobalSection
	GlobalSection(SolutionProperties) = preSolution
		HideSolutionNode = FALSE
	EndGlobalSection
	GlobalSection(ExtensibilityGlobals) = postSolution
		SolutionGuid = {3B9389D0-E6CA-41C1-AE89-1428387CAA38}
	EndGlobalSection
EndGlobal
